
Microsoft Visual Studio Solution File, Format Version 12.00
# Visual Studio Version 16
VisualStudioVersion = 16.0.30204.135
MinimumVisualStudioVersion = 10.0.40219.1
Project("{FAE04EC0-301F-11D3-BF4B-00C04F79EFBC}") = "FabricioStore", "FabricioStore\FabricioStore.csproj", "{981EC1C3-874E-4EA0-B5F3-3A7C947CDDE9}"
EndProject
Global
	GlobalSection(SolutionConfigurationPlatforms) = preSolution
		Debug|Any CPU = Debug|Any CPU
		Release|Any CPU = Release|Any CPU
	EndGlobalSection
	GlobalSection(ProjectConfigurationPlatforms) = postSolution
		{981EC1C3-874E-4EA0-B5F3-3A7C947CDDE9}.Debug|Any CPU.ActiveCfg = Debug|Any CPU
		{981EC1C3-874E-4EA0-B5F3-3A7C947CDDE9}.Debug|Any CPU.Build.0 = Debug|Any CPU
		{981EC1C3-874E-4EA0-B5F3-3A7C947CDDE9}.Release|Any CPU.ActiveCfg = Release|Any CPU
		{981EC1C3-874E-4EA0-B5F3-3A7C947CDDE9}.Release|Any CPU.Build.0 = Release|Any CPU
	EndGlobalSection
	GlobalSection(SolutionProperties) = preSolution
		HideSolutionNode = FALSE
	EndGlobalSection
	GlobalSection(ExtensibilityGlobals) = postSolution
		SolutionGuid = {2C4CBB73-741B-450B-864D-172E68991C23}
	EndGlobalSection
EndGlobal
